// !$*UTF8*$!
{
	archiveVersion = 1;
	classes = {
	};
	objectVersion = 46;
	objects = {

/* Begin PBXBuildFile section */
		228458FC1D82AFF200E371B5 /* AppDelegate.swift in Sources */ = {isa = PBXBuildFile; fileRef = 228458FB1D82AFF200E371B5 /* AppDelegate.swift */; };
		228458FE1D82AFF200E371B5 /* ViewController.swift in Sources */ = {isa = PBXBuildFile; fileRef = 228458FD1D82AFF200E371B5 /* ViewController.swift */; };
		228459011D82AFF200E371B5 /* Main.storyboard in Resources */ = {isa = PBXBuildFile; fileRef = 228458FF1D82AFF200E371B5 /* Main.storyboard */; };
		228459041D82AFF200E371B5 /* MakeTheWorldBetter.xcdatamodeld in Sources */ = {isa = PBXBuildFile; fileRef = 228459021D82AFF200E371B5 /* MakeTheWorldBetter.xcdatamodeld */; };
		228459061D82AFF200E371B5 /* Assets.xcassets in Resources */ = {isa = PBXBuildFile; fileRef = 228459051D82AFF200E371B5 /* Assets.xcassets */; };
		228459091D82AFF200E371B5 /* LaunchScreen.storyboard in Resources */ = {isa = PBXBuildFile; fileRef = 228459071D82AFF200E371B5 /* LaunchScreen.storyboard */; };
		228459141D82AFF200E371B5 /* MakeTheWorldBetterTests.swift in Sources */ = {isa = PBXBuildFile; fileRef = 228459131D82AFF200E371B5 /* MakeTheWorldBetterTests.swift */; };
		2284591F1D82AFF200E371B5 /* MakeTheWorldBetterUITests.swift in Sources */ = {isa = PBXBuildFile; fileRef = 2284591E1D82AFF200E371B5 /* MakeTheWorldBetterUITests.swift */; };
/* End PBXBuildFile section */

/* Begin PBXContainerItemProxy section */
		228459101D82AFF200E371B5 /* PBXContainerItemProxy */ = {
			isa = PBXContainerItemProxy;
			containerPortal = 228458F01D82AFF100E371B5 /* Project object */;
			proxyType = 1;
			remoteGlobalIDString = 228458F71D82AFF200E371B5;
			remoteInfo = MakeTheWorldBetter;
		};
		2284591B1D82AFF200E371B5 /* PBXContainerItemProxy */ = {
			isa = PBXContainerItemProxy;
			containerPortal = 228458F01D82AFF100E371B5 /* Project object */;
			proxyType = 1;
			remoteGlobalIDString = 228458F71D82AFF200E371B5;
			remoteInfo = MakeTheWorldBetter;
		};
/* End PBXContainerItemProxy section */

/* Begin PBXFileReference section */
		228458F81D82AFF200E371B5 /* MakeTheWorldBetter.app */ = {isa = PBXFileReference; explicitFileType = wrapper.application; includeInIndex = 0; path = MakeTheWorldBetter.app; sourceTree = BUILT_PRODUCTS_DIR; };
		228458FB1D82AFF200E371B5 /* AppDelegate.swift */ = {isa = PBXFileReference; lastKnownFileType = sourcecode.swift; path = AppDelegate.swift; sourceTree = "<group>"; };
		228458FD1D82AFF200E371B5 /* ViewController.swift */ = {isa = PBXFileReference; lastKnownFileType = sourcecode.swift; path = ViewController.swift; sourceTree = "<group>"; };
		228459001D82AFF200E371B5 /* Base */ = {isa = PBXFileReference; lastKnownFileType = file.storyboard; name = Base; path = Base.lproj/Main.storyboard; sourceTree = "<group>"; };
		228459031D82AFF200E371B5 /* MakeTheWorldBetter.xcdatamodel */ = {isa = PBXFileReference; lastKnownFileType = wrapper.xcdatamodel; path = MakeTheWorldBetter.xcdatamodel; sourceTree = "<group>"; };
		228459051D82AFF200E371B5 /* Assets.xcassets */ = {isa = PBXFileReference; lastKnownFileType = folder.assetcatalog; path = Assets.xcassets; sourceTree = "<group>"; };
		228459081D82AFF200E371B5 /* Base */ = {isa = PBXFileReference; lastKnownFileType = file.storyboard; name = Base; path = Base.lproj/LaunchScreen.storyboard; sourceTree = "<group>"; };
		2284590A1D82AFF200E371B5 /* Info.plist */ = {isa = PBXFileReference; lastKnownFileType = text.plist.xml; path = Info.plist; sourceTree = "<group>"; };
		2284590F1D82AFF200E371B5 /* MakeTheWorldBetterTests.xctest */ = {isa = PBXFileReference; explicitFileType = wrapper.cfbundle; includeInIndex = 0; path = MakeTheWorldBetterTests.xctest; sourceTree = BUILT_PRODUCTS_DIR; };
		228459131D82AFF200E371B5 /* MakeTheWorldBetterTests.swift */ = {isa = PBXFileReference; lastKnownFileType = sourcecode.swift; path = MakeTheWorldBetterTests.swift; sourceTree = "<group>"; };
		228459151D82AFF200E371B5 /* Info.plist */ = {isa = PBXFileReference; lastKnownFileType = text.plist.xml; path = Info.plist; sourceTree = "<group>"; };
		2284591A1D82AFF200E371B5 /* MakeTheWorldBetterUITests.xctest */ = {isa = PBXFileReference; explicitFileType = wrapper.cfbundle; includeInIndex = 0; path = MakeTheWorldBetterUITests.xctest; sourceTree = BUILT_PRODUCTS_DIR; };
		2284591E1D82AFF200E371B5 /* MakeTheWorldBetterUITests.swift */ = {isa = PBXFileReference; lastKnownFileType = sourcecode.swift; path = MakeTheWorldBetterUITests.swift; sourceTree = "<group>"; };
		228459201D82AFF200E371B5 /* Info.plist */ = {isa = PBXFileReference; lastKnownFileType = text.plist.xml; path = Info.plist; sourceTree = "<group>"; };
/* End PBXFileReference section */

/* Begin PBXFrameworksBuildPhase section */
		228458F51D82AFF200E371B5 /* Frameworks */ = {
			isa = PBXFrameworksBuildPhase;
			buildActionMask = 2147483647;
			files = (
			);
			runOnlyForDeploymentPostprocessing = 0;
		};
		2284590C1D82AFF200E371B5 /* Frameworks */ = {
			isa = PBXFrameworksBuildPhase;
			buildActionMask = 2147483647;
			files = (
			);
			runOnlyForDeploymentPostprocessing = 0;
		};
		228459171D82AFF200E371B5 /* Frameworks */ = {
			isa = PBXFrameworksBuildPhase;
			buildActionMask = 2147483647;
			files = (
			);
			runOnlyForDeploymentPostprocessing = 0;
		};
/* End PBXFrameworksBuildPhase section */

/* Begin PBXGroup section */
		228458EF1D82AFF100E371B5 = {
			isa = PBXGroup;
			children = (
				228458FA1D82AFF200E371B5 /* MakeTheWorldBetter */,
				228459121D82AFF200E371B5 /* MakeTheWorldBetterTests */,
				2284591D1D82AFF200E371B5 /* MakeTheWorldBetterUITests */,
				228458F91D82AFF200E371B5 /* Products */,
			);
			sourceTree = "<group>";
		};
		228458F91D82AFF200E371B5 /* Products */ = {
			isa = PBXGroup;
			children = (
				228458F81D82AFF200E371B5 /* MakeTheWorldBetter.app */,
				2284590F1D82AFF200E371B5 /* MakeTheWorldBetterTests.xctest */,
				2284591A1D82AFF200E371B5 /* MakeTheWorldBetterUITests.xctest */,
			);
			name = Products;
			sourceTree = "<group>";
		};
		228458FA1D82AFF200E371B5 /* MakeTheWorldBetter */ = {
			isa = PBXGroup;
			children = (
				228458FB1D82AFF200E371B5 /* AppDelegate.swift */,
				228458FD1D82AFF200E371B5 /* ViewController.swift */,
				228458FF1D82AFF200E371B5 /* Main.storyboard */,
				228459051D82AFF200E371B5 /* Assets.xcassets */,
				228459071D82AFF200E371B5 /* LaunchScreen.storyboard */,
				2284590A1D82AFF200E371B5 /* Info.plist */,
				228459021D82AFF200E371B5 /* MakeTheWorldBetter.xcdatamodeld */,
			);
			path = MakeTheWorldBetter;
			sourceTree = "<group>";
		};
		228459121D82AFF200E371B5 /* MakeTheWorldBetterTests */ = {
			isa = PBXGroup;
			children = (
				228459131D82AFF200E371B5 /* MakeTheWorldBetterTests.swift */,
				228459151D82AFF200E371B5 /* Info.plist */,
			);
			path = MakeTheWorldBetterTests;
			sourceTree = "<group>";
		};
		2284591D1D82AFF200E371B5 /* MakeTheWorldBetterUITests */ = {
			isa = PBXGroup;
			children = (
				2284591E1D82AFF200E371B5 /* MakeTheWorldBetterUITests.swift */,
				228459201D82AFF200E371B5 /* Info.plist */,
			);
			path = MakeTheWorldBetterUITests;
			sourceTree = "<group>";
		};
/* End PBXGroup section */

/* Begin PBXNativeTarget section */
		228458F71D82AFF200E371B5 /* MakeTheWorldBetter */ = {
			isa = PBXNativeTarget;
			buildConfigurationList = 228459231D82AFF200E371B5 /* Build configuration list for PBXNativeTarget "MakeTheWorldBetter" */;
			buildPhases = (
				228458F41D82AFF200E371B5 /* Sources */,
				228458F51D82AFF200E371B5 /* Frameworks */,
				228458F61D82AFF200E371B5 /* Resources */,
			);
			buildRules = (
			);
			dependencies = (
			);
			name = MakeTheWorldBetter;
			productName = MakeTheWorldBetter;
			productReference = 228458F81D82AFF200E371B5 /* MakeTheWorldBetter.app */;
			productType = "com.apple.product-type.application";
		};
		2284590E1D82AFF200E371B5 /* MakeTheWorldBetterTests */ = {
			isa = PBXNativeTarget;
			buildConfigurationList = 228459261D82AFF200E371B5 /* Build configuration list for PBXNativeTarget "MakeTheWorldBetterTests" */;
			buildPhases = (
				2284590B1D82AFF200E371B5 /* Sources */,
				2284590C1D82AFF200E371B5 /* Frameworks */,
				2284590D1D82AFF200E371B5 /* Resources */,
			);
			buildRules = (
			);
			dependencies = (
				228459111D82AFF200E371B5 /* PBXTargetDependency */,
			);
			name = MakeTheWorldBetterTests;
			productName = MakeTheWorldBetterTests;
			productReference = 2284590F1D82AFF200E371B5 /* MakeTheWorldBetterTests.xctest */;
			productType = "com.apple.product-type.bundle.unit-test";
		};
		228459191D82AFF200E371B5 /* MakeTheWorldBetterUITests */ = {
			isa = PBXNativeTarget;
			buildConfigurationList = 228459291D82AFF200E371B5 /* Build configuration list for PBXNativeTarget "MakeTheWorldBetterUITests" */;
			buildPhases = (
				228459161D82AFF200E371B5 /* Sources */,
				228459171D82AFF200E371B5 /* Frameworks */,
				228459181D82AFF200E371B5 /* Resources */,
			);
			buildRules = (
			);
			dependencies = (
				2284591C1D82AFF200E371B5 /* PBXTargetDependency */,
			);
			name = MakeTheWorldBetterUITests;
			productName = MakeTheWorldBetterUITests;
			productReference = 2284591A1D82AFF200E371B5 /* MakeTheWorldBetterUITests.xctest */;
			productType = "com.apple.product-type.bundle.ui-testing";
		};
/* End PBXNativeTarget section */

/* Begin PBXProject section */
		228458F01D82AFF100E371B5 /* Project object */ = {
			isa = PBXProject;
			attributes = {
				LastSwiftUpdateCheck = 0800;
				LastUpgradeCheck = 0800;
				ORGANIZATIONNAME = "Joel Sonderegger";
				TargetAttributes = {
					228458F71D82AFF200E371B5 = {
						CreatedOnToolsVersion = 8.0;
						ProvisioningStyle = Automatic;
					};
					2284590E1D82AFF200E371B5 = {
						CreatedOnToolsVersion = 8.0;
						ProvisioningStyle = Automatic;
						TestTargetID = 228458F71D82AFF200E371B5;
					};
					228459191D82AFF200E371B5 = {
						CreatedOnToolsVersion = 8.0;
						ProvisioningStyle = Automatic;
						TestTargetID = 228458F71D82AFF200E371B5;
					};
				};
			};
			buildConfigurationList = 228458F31D82AFF100E371B5 /* Build configuration list for PBXProject "MakeTheWorldBetter" */;
			compatibilityVersion = "Xcode 3.2";
			developmentRegion = English;
			hasScannedForEncodings = 0;
			knownRegions = (
				en,
				Base,
			);
			mainGroup = 228458EF1D82AFF100E371B5;
			productRefGroup = 228458F91D82AFF200E371B5 /* Products */;
			projectDirPath = "";
			projectRoot = "";
			targets = (
				228458F71D82AFF200E371B5 /* MakeTheWorldBetter */,
				2284590E1D82AFF200E371B5 /* MakeTheWorldBetterTests */,
				228459191D82AFF200E371B5 /* MakeTheWorldBetterUITests */,
			);
		};
/* End PBXProject section */

/* Begin PBXResourcesBuildPhase section */
		228458F61D82AFF200E371B5 /* Resources */ = {
			isa = PBXResourcesBuildPhase;
			buildActionMask = 2147483647;
			files = (
				228459091D82AFF200E371B5 /* LaunchScreen.storyboard in Resources */,
				228459061D82AFF200E371B5 /* Assets.xcassets in Resources */,
				228459011D82AFF200E371B5 /* Main.storyboard in Resources */,
			);
			runOnlyForDeploymentPostprocessing = 0;
		};
		2284590D1D82AFF200E371B5 /* Resources */ = {
			isa = PBXResourcesBuildPhase;
			buildActionMask = 2147483647;
			files = (
			);
			runOnlyForDeploymentPostprocessing = 0;
		};
		228459181D82AFF200E371B5 /* Resources */ = {
			isa = PBXResourcesBuildPhase;
			buildActionMask = 2147483647;
			files = (
			);
			runOnlyForDeploymentPostprocessing = 0;
		};
/* End PBXResourcesBuildPhase section */

/* Begin PBXSourcesBuildPhase section */
		228458F41D82AFF200E371B5 /* Sources */ = {
			isa = PBXSourcesBuildPhase;
			buildActionMask = 2147483647;
			files = (
				228458FE1D82AFF200E371B5 /* ViewController.swift in Sources */,
				228458FC1D82AFF200E371B5 /* AppDelegate.swift in Sources */,
				228459041D82AFF200E371B5 /* MakeTheWorldBetter.xcdatamodeld in Sources */,
			);
			runOnlyForDeploymentPostprocessing = 0;
		};
		2284590B1D82AFF200E371B5 /* Sources */ = {
			isa = PBXSourcesBuildPhase;
			buildActionMask = 2147483647;
			files = (
				228459141D82AFF200E371B5 /* MakeTheWorldBetterTests.swift in Sources */,
			);
			runOnlyForDeploymentPostprocessing = 0;
		};
		228459161D82AFF200E371B5 /* Sources */ = {
			isa = PBXSourcesBuildPhase;
			buildActionMask = 2147483647;
			files = (
				2284591F1D82AFF200E371B5 /* MakeTheWorldBetterUITests.swift in Sources */,
			);
			runOnlyForDeploymentPostprocessing = 0;
		};
/* End PBXSourcesBuildPhase section */

/* Begin PBXTargetDependency section */
		228459111D82AFF200E371B5 /* PBXTargetDependency */ = {
			isa = PBXTargetDependency;
			target = 228458F71D82AFF200E371B5 /* MakeTheWorldBetter */;
			targetProxy = 228459101D82AFF200E371B5 /* PBXContainerItemProxy */;
		};
		2284591C1D82AFF200E371B5 /* PBXTargetDependency */ = {
			isa = PBXTargetDependency;
			target = 228458F71D82AFF200E371B5 /* MakeTheWorldBetter */;
			targetProxy = 2284591B1D82AFF200E371B5 /* PBXContainerItemProxy */;
		};
/* End PBXTargetDependency section */

/* Begin PBXVariantGroup section */
		228458FF1D82AFF200E371B5 /* Main.storyboard */ = {
			isa = PBXVariantGroup;
			children = (
				228459001D82AFF200E371B5 /* Base */,
			);
			name = Main.storyboard;
			sourceTree = "<group>";
		};
		228459071D82AFF200E371B5 /* LaunchScreen.storyboard */ = {
			isa = PBXVariantGroup;
			children = (
				228459081D82AFF200E371B5 /* Base */,
			);
			name = LaunchScreen.storyboard;
			sourceTree = "<group>";
		};
/* End PBXVariantGroup section */

/* Begin XCBuildConfiguration section */
		228459211D82AFF200E371B5 /* Debug */ = {
			isa = XCBuildConfiguration;
			buildSettings = {
				ALWAYS_SEARCH_USER_PATHS = NO;
				CLANG_ANALYZER_NONNULL = YES;
				CLANG_CXX_LANGUAGE_STANDARD = "gnu++0x";
				CLANG_CXX_LIBRARY = "libc++";
				CLANG_ENABLE_MODULES = YES;
				CLANG_ENABLE_OBJC_ARC = YES;
				CLANG_WARN_BOOL_CONVERSION = YES;
				CLANG_WARN_CONSTANT_CONVERSION = YES;
				CLANG_WARN_DIRECT_OBJC_ISA_USAGE = YES_ERROR;
				CLANG_WARN_DOCUMENTATION_COMMENTS = YES;
				CLANG_WARN_EMPTY_BODY = YES;
				CLANG_WARN_ENUM_CONVERSION = YES;
				CLANG_WARN_INFINITE_RECURSION = YES;
				CLANG_WARN_INT_CONVERSION = YES;
				CLANG_WARN_OBJC_ROOT_CLASS = YES_ERROR;
				CLANG_WARN_SUSPICIOUS_MOVES = YES;
				CLANG_WARN_UNREACHABLE_CODE = YES;
				CLANG_WARN__DUPLICATE_METHOD_MATCH = YES;
				"CODE_SIGN_IDENTITY[sdk=iphoneos*]" = "iPhone Developer";
				COPY_PHASE_STRIP = NO;
				DEBUG_INFORMATION_FORMAT = dwarf;
				ENABLE_STRICT_OBJC_MSGSEND = YES;
				ENABLE_TESTABILITY = YES;
				GCC_C_LANGUAGE_STANDARD = gnu99;
				GCC_DYNAMIC_NO_PIC = NO;
				GCC_NO_COMMON_BLOCKS = YES;
				GCC_OPTIMIZATION_LEVEL = 0;
				GCC_PREPROCESSOR_DEFINITIONS = (
					"DEBUG=1",
					"$(inherited)",
				);
				GCC_WARN_64_TO_32_BIT_CONVERSION = YES;
				GCC_WARN_ABOUT_RETURN_TYPE = YES_ERROR;
				GCC_WARN_UNDECLARED_SELECTOR = YES;
				GCC_WARN_UNINITIALIZED_AUTOS = YES_AGGRESSIVE;
				GCC_WARN_UNUSED_FUNCTION = YES;
				GCC_WARN_UNUSED_VARIABLE = YES;
				IPHONEOS_DEPLOYMENT_TARGET = 10.0;
				MTL_ENABLE_DEBUG_INFO = YES;
				ONLY_ACTIVE_ARCH = YES;
				SDKROOT = iphoneos;
				SWIFT_ACTIVE_COMPILATION_CONDITIONS = DEBUG;
				SWIFT_OPTIMIZATION_LEVEL = "-Onone";
			};
			name = Debug;
		};
		228459221D82AFF200E371B5 /* Release */ = {
			isa = XCBuildConfiguration;
			buildSettings = {
				ALWAYS_SEARCH_USER_PATHS = NO;
				CLANG_ANALYZER_NONNULL = YES;
				CLANG_CXX_LANGUAGE_STANDARD = "gnu++0x";
				CLANG_CXX_LIBRARY = "libc++";
				CLANG_ENABLE_MODULES = YES;
				CLANG_ENABLE_OBJC_ARC = YES;
				CLANG_WARN_BOOL_CONVERSION = YES;
				CLANG_WARN_CONSTANT_CONVERSION = YES;
				CLANG_WARN_DIRECT_OBJC_ISA_USAGE = YES_ERROR;
				CLANG_WARN_DOCUMENTATION_COMMENTS = YES;
				CLANG_WARN_EMPTY_BODY = YES;
				CLANG_WARN_ENUM_CONVERSION = YES;
				CLANG_WARN_INFINITE_RECURSION = YES;
				CLANG_WARN_INT_CONVERSION = YES;
				CLANG_WARN_OBJC_ROOT_CLASS = YES_ERROR;
				CLANG_WARN_SUSPICIOUS_MOVES = YES;
				CLANG_WARN_UNREACHABLE_CODE = YES;
				CLANG_WARN__DUPLICATE_METHOD_MATCH = YES;
				"CODE_SIGN_IDENTITY[sdk=iphoneos*]" = "iPhone Developer";
				COPY_PHASE_STRIP = NO;
				DEBUG_INFORMATION_FORMAT = "dwarf-with-dsym";
				ENABLE_NS_ASSERTIONS = NO;
				ENABLE_STRICT_OBJC_MSGSEND = YES;
				GCC_C_LANGUAGE_STANDARD = gnu99;
				GCC_NO_COMMON_BLOCKS = YES;
				GCC_WARN_64_TO_32_BIT_CONVERSION = YES;
				GCC_WARN_ABOUT_RETURN_TYPE = YES_ERROR;
				GCC_WARN_UNDECLARED_SELECTOR = YES;
				GCC_WARN_UNINITIALIZED_AUTOS = YES_AGGRESSIVE;
				GCC_WARN_UNUSED_FUNCTION = YES;
				GCC_WARN_UNUSED_VARIABLE = YES;
				IPHONEOS_DEPLOYMENT_TARGET = 10.0;
				MTL_ENABLE_DEBUG_INFO = NO;
				SDKROOT = iphoneos;
				SWIFT_OPTIMIZATION_LEVEL = "-Owholemodule";
				VALIDATE_PRODUCT = YES;
			};
			name = Release;
		};
		228459241D82AFF200E371B5 /* Debug */ = {
			isa = XCBuildConfiguration;
			buildSettings = {
				ASSETCATALOG_COMPILER_APPICON_NAME = AppIcon;
				INFOPLIST_FILE = MakeTheWorldBetter/Info.plist;
				LD_RUNPATH_SEARCH_PATHS = "$(inherited) @executable_path/Frameworks";
				PRODUCT_BUNDLE_IDENTIFIER = ch.joelsonderegger.MakeTheWorldBetter;
				PRODUCT_NAME = "$(TARGET_NAME)";
				SWIFT_VERSION = 3.0;
			};
			name = Debug;
		};
		228459251D82AFF200E371B5 /* Release */ = {
			isa = XCBuildConfiguration;
			buildSettings = {
				ASSETCATALOG_COMPILER_APPICON_NAME = AppIcon;
				INFOPLIST_FILE = MakeTheWorldBetter/Info.plist;
				LD_RUNPATH_SEARCH_PATHS = "$(inherited) @executable_path/Frameworks";
				PRODUCT_BUNDLE_IDENTIFIER = ch.joelsonderegger.MakeTheWorldBetter;
				PRODUCT_NAME = "$(TARGET_NAME)";
				SWIFT_VERSION = 3.0;
			};
			name = Release;
		};
		228459271D82AFF200E371B5 /* Debug */ = {
			isa = XCBuildConfiguration;
			buildSettings = {
				ALWAYS_EMBED_SWIFT_STANDARD_LIBRARIES = YES;
				BUNDLE_LOADER = "$(TEST_HOST)";
				INFOPLIST_FILE = MakeTheWorldBetterTests/Info.plist;
				LD_RUNPATH_SEARCH_PATHS = "$(inherited) @executable_path/Frameworks @loader_path/Frameworks";
				PRODUCT_BUNDLE_IDENTIFIER = ch.joelsonderegger.MakeTheWorldBetterTests;
				PRODUCT_NAME = "$(TARGET_NAME)";
				SWIFT_VERSION = 3.0;
				TEST_HOST = "$(BUILT_PRODUCTS_DIR)/MakeTheWorldBetter.app/MakeTheWorldBetter";
			};
			name = Debug;
		};
		228459281D82AFF200E371B5 /* Release */ = {
			isa = XCBuildConfiguration;
			buildSettings = {
				ALWAYS_EMBED_SWIFT_STANDARD_LIBRARIES = YES;
				BUNDLE_LOADER = "$(TEST_HOST)";
				INFOPLIST_FILE = MakeTheWorldBetterTests/Info.plist;
				LD_RUNPATH_SEARCH_PATHS = "$(inherited) @executable_path/Frameworks @loader_path/Frameworks";
				PRODUCT_BUNDLE_IDENTIFIER = ch.joelsonderegger.MakeTheWorldBetterTests;
				PRODUCT_NAME = "$(TARGET_NAME)";
				SWIFT_VERSION = 3.0;
				TEST_HOST = "$(BUILT_PRODUCTS_DIR)/MakeTheWorldBetter.app/MakeTheWorldBetter";
			};
			name = Release;
		};
		2284592A1D82AFF200E371B5 /* Debug */ = {
			isa = XCBuildConfiguration;
			buildSettings = {
				ALWAYS_EMBED_SWIFT_STANDARD_LIBRARIES = YES;
				INFOPLIST_FILE = MakeTheWorldBetterUITests/Info.plist;
				LD_RUNPATH_SEARCH_PATHS = "$(inherited) @executable_path/Frameworks @loader_path/Frameworks";
				PRODUCT_BUNDLE_IDENTIFIER = ch.joelsonderegger.MakeTheWorldBetterUITests;
				PRODUCT_NAME = "$(TARGET_NAME)";
				SWIFT_VERSION = 3.0;
				TEST_TARGET_NAME = MakeTheWorldBetter;
			};
			name = Debug;
		};
		2284592B1D82AFF200E371B5 /* Release */ = {
			isa = XCBuildConfiguration;
			buildSettings = {
				ALWAYS_EMBED_SWIFT_STANDARD_LIBRARIES = YES;
				INFOPLIST_FILE = MakeTheWorldBetterUITests/Info.plist;
				LD_RUNPATH_SEARCH_PATHS = "$(inherited) @executable_path/Frameworks @loader_path/Frameworks";
				PRODUCT_BUNDLE_IDENTIFIER = ch.joelsonderegger.MakeTheWorldBetterUITests;
				PRODUCT_NAME = "$(TARGET_NAME)";
				SWIFT_VERSION = 3.0;
				TEST_TARGET_NAME = MakeTheWorldBetter;
			};
			name = Release;
		};
/* End XCBuildConfiguration section */

/* Begin XCConfigurationList section */
		228458F31D82AFF100E371B5 /* Build configuration list for PBXProject "MakeTheWorldBetter" */ = {
			isa = XCConfigurationList;
			buildConfigurations = (
				228459211D82AFF200E371B5 /* Debug */,
				228459221D82AFF200E371B5 /* Release */,
			);
			defaultConfigurationIsVisible = 0;
			defaultConfigurationName = Release;
		};
		228459231D82AFF200E371B5 /* Build configuration list for PBXNativeTarget "MakeTheWorldBetter" */ = {
			isa = XCConfigurationList;
			buildConfigurations = (
				228459241D82AFF200E371B5 /* Debug */,
				228459251D82AFF200E371B5 /* Release */,
			);
			defaultConfigurationIsVisible = 0;
		};
		228459261D82AFF200E371B5 /* Build configuration list for PBXNativeTarget "MakeTheWorldBetterTests" */ = {
			isa = XCConfigurationList;
			buildConfigurations = (
				228459271D82AFF200E371B5 /* Debug */,
				228459281D82AFF200E371B5 /* Release */,
			);
			defaultConfigurationIsVisible = 0;
		};
		228459291D82AFF200E371B5 /* Build configuration list for PBXNativeTarget "MakeTheWorldBetterUITests" */ = {
			isa = XCConfigurationList;
			buildConfigurations = (
				2284592A1D82AFF200E371B5 /* Debug */,
				2284592B1D82AFF200E371B5 /* Release */,
			);
			defaultConfigurationIsVisible = 0;
		};
/* End XCConfigurationList section */

/* Begin XCVersionGroup section */
		228459021D82AFF200E371B5 /* MakeTheWorldBetter.xcdatamodeld */ = {
			isa = XCVersionGroup;
			children = (
				228459031D82AFF200E371B5 /* MakeTheWorldBetter.xcdatamodel */,
			);
			currentVersion = 228459031D82AFF200E371B5 /* MakeTheWorldBetter.xcdatamodel */;
			path = MakeTheWorldBetter.xcdatamodeld;
			sourceTree = "<group>";
			versionGroupType = wrapper.xcdatamodel;
		};
/* End XCVersionGroup section */
	};
	rootObject = 228458F01D82AFF100E371B5 /* Project object */;
}
